
Microsoft Visual Studio Solution File, Format Version 12.00
# Visual Studio 15
VisualStudioVersion = 15.0.27703.2047
MinimumVisualStudioVersion = 10.0.40219.1
Project("{FAE04EC0-301F-11D3-BF4B-00C04F79EFBC}") = "Day2", "Day2\Day2.csproj", "{12800761-CAD3-4A8C-A2E8-8748A4A77E40}"
EndProject
Global
	GlobalSection(SolutionConfigurationPlatforms) = preSolution
		Debug|Any CPU = Debug|Any CPU
		Release|Any CPU = Release|Any CPU
	EndGlobalSection
	GlobalSection(ProjectConfigurationPlatforms) = postSolution
		{12800761-CAD3-4A8C-A2E8-8748A4A77E40}.Debug|Any CPU.ActiveCfg = Debug|Any CPU
		{12800761-CAD3-4A8C-A2E8-8748A4A77E40}.Debug|Any CPU.Build.0 = Debug|Any CPU
		{12800761-CAD3-4A8C-A2E8-8748A4A77E40}.Release|Any CPU.ActiveCfg = Release|Any CPU
		{12800761-CAD3-4A8C-A2E8-8748A4A77E40}.Release|Any CPU.Build.0 = Release|Any CPU
	EndGlobalSection
	GlobalSection(SolutionProperties) = preSolution
		HideSolutionNode = FALSE
	EndGlobalSection
	GlobalSection(ExtensibilityGlobals) = postSolution
		SolutionGuid = {E01EFE84-F552-4C4E-A575-F782458FEC2C}
	EndGlobalSection
EndGlobal
